
Microsoft Visual Studio Solution File, Format Version 12.00
# Visual Studio Version 16
VisualStudioVersion = 16.0.30320.27
MinimumVisualStudioVersion = 10.0.40219.1
Project("{FAE04EC0-301F-11D3-BF4B-00C04F79EFBC}") = "mvcgit", "mvcgit\mvcgit.csproj", "{EA9E61D8-D1A8-4456-B0A2-3617E85DF89F}"
EndProject
Global
	GlobalSection(SolutionConfigurationPlatforms) = preSolution
		Debug|Any CPU = Debug|Any CPU
		Release|Any CPU = Release|Any CPU
	EndGlobalSection
	GlobalSection(ProjectConfigurationPlatforms) = postSolution
		{EA9E61D8-D1A8-4456-B0A2-3617E85DF89F}.Debug|Any CPU.ActiveCfg = Debug|Any CPU
		{EA9E61D8-D1A8-4456-B0A2-3617E85DF89F}.Debug|Any CPU.Build.0 = Debug|Any CPU
		{EA9E61D8-D1A8-4456-B0A2-3617E85DF89F}.Release|Any CPU.ActiveCfg = Release|Any CPU
		{EA9E61D8-D1A8-4456-B0A2-3617E85DF89F}.Release|Any CPU.Build.0 = Release|Any CPU
	EndGlobalSection
	GlobalSection(SolutionProperties) = preSolution
		HideSolutionNode = FALSE
	EndGlobalSection
	GlobalSection(ExtensibilityGlobals) = postSolution
		SolutionGuid = {FBA253DA-B81D-4CA9-A9BA-F4466694B849}
	EndGlobalSection
EndGlobal
